
Microsoft Visual Studio Solution File, Format Version 12.00
# Visual Studio Version 17
VisualStudioVersion = 17.13.35818.85 d17.13
MinimumVisualStudioVersion = 10.0.40219.1
Project("{FAE04EC0-301F-11D3-BF4B-00C04F79EFBC}") = "DemoDeAn", "DemoDeAn\DemoDeAn.csproj", "{A7AF17F7-95A4-4C49-8FE8-6DD81F24DC5F}"
EndProject
Global
	GlobalSection(SolutionConfigurationPlatforms) = preSolution
		Debug|Any CPU = Debug|Any CPU
		Release|Any CPU = Release|Any CPU
	EndGlobalSection
	GlobalSection(ProjectConfigurationPlatforms) = postSolution
		{A7AF17F7-95A4-4C49-8FE8-6DD81F24DC5F}.Debug|Any CPU.ActiveCfg = Debug|Any CPU
		{A7AF17F7-95A4-4C49-8FE8-6DD81F24DC5F}.Debug|Any CPU.Build.0 = Debug|Any CPU
		{A7AF17F7-95A4-4C49-8FE8-6DD81F24DC5F}.Release|Any CPU.ActiveCfg = Release|Any CPU
		{A7AF17F7-95A4-4C49-8FE8-6DD81F24DC5F}.Release|Any CPU.Build.0 = Release|Any CPU
	EndGlobalSection
	GlobalSection(SolutionProperties) = preSolution
		HideSolutionNode = FALSE
	EndGlobalSection
	GlobalSection(ExtensibilityGlobals) = postSolution
		SolutionGuid = {95B680BA-3CCB-40EA-B06D-178C36337B5F}
	EndGlobalSection
EndGlobal
